
Microsoft Visual Studio Solution File, Format Version 12.00
# Visual Studio Version 16
VisualStudioVersion = 16.0.30621.155
MinimumVisualStudioVersion = 10.0.40219.1
Project("{FAE04EC0-301F-11D3-BF4B-00C04F79EFBC}") = "eShop.Domain", "eShop.Domain\eShop.Domain.csproj", "{E39B9BDF-AAA9-4396-B015-8B76AFC3A1A5}"
EndProject
Project("{FAE04EC0-301F-11D3-BF4B-00C04F79EFBC}") = "eShop.Api", "eShop.Api\eShop.Api.csproj", "{A472DAE3-B583-4B79-89A7-CE1E7D87174F}"
EndProject
Global
	GlobalSection(SolutionConfigurationPlatforms) = preSolution
		Debug|Any CPU = Debug|Any CPU
		Release|Any CPU = Release|Any CPU
	EndGlobalSection
	GlobalSection(ProjectConfigurationPlatforms) = postSolution
		{E39B9BDF-AAA9-4396-B015-8B76AFC3A1A5}.Debug|Any CPU.ActiveCfg = Debug|Any CPU
		{E39B9BDF-AAA9-4396-B015-8B76AFC3A1A5}.Debug|Any CPU.Build.0 = Debug|Any CPU
		{E39B9BDF-AAA9-4396-B015-8B76AFC3A1A5}.Release|Any CPU.ActiveCfg = Release|Any CPU
		{E39B9BDF-AAA9-4396-B015-8B76AFC3A1A5}.Release|Any CPU.Build.0 = Release|Any CPU
		{A472DAE3-B583-4B79-89A7-CE1E7D87174F}.Debug|Any CPU.ActiveCfg = Debug|Any CPU
		{A472DAE3-B583-4B79-89A7-CE1E7D87174F}.Debug|Any CPU.Build.0 = Debug|Any CPU
		{A472DAE3-B583-4B79-89A7-CE1E7D87174F}.Release|Any CPU.ActiveCfg = Release|Any CPU
		{A472DAE3-B583-4B79-89A7-CE1E7D87174F}.Release|Any CPU.Build.0 = Release|Any CPU
	EndGlobalSection
	GlobalSection(SolutionProperties) = preSolution
		HideSolutionNode = FALSE
	EndGlobalSection
	GlobalSection(ExtensibilityGlobals) = postSolution
		SolutionGuid = {011E9243-198B-45C1-8AAC-82C375D1156F}
	EndGlobalSection
EndGlobal
